
Microsoft Visual Studio Solution File, Format Version 11.00
# Visual Studio 2010
Project("{8BC9CEB8-8B4A-11D0-8D11-00A0C91BC942}") = "lasm-gui", "lasm-gui.vcxproj", "{18150D96-72E4-3DA7-9130-112EAA69BCBF}"
EndProject
Project("{8BC9CEB8-8B4A-11D0-8D11-00A0C91BC942}") = "lasm", "lasm.vcxproj", "{214610B9-2679-4F15-A48F-3CAB541129D5}"
EndProject
Global
	GlobalSection(SolutionConfigurationPlatforms) = preSolution
		Debug|Win32 = Debug|Win32
		Release|Win32 = Release|Win32
	EndGlobalSection
	GlobalSection(ProjectConfigurationPlatforms) = postSolution
		{18150D96-72E4-3DA7-9130-112EAA69BCBF}.Debug|Win32.ActiveCfg = Debug|Win32
		{18150D96-72E4-3DA7-9130-112EAA69BCBF}.Debug|Win32.Build.0 = Debug|Win32
		{18150D96-72E4-3DA7-9130-112EAA69BCBF}.Release|Win32.ActiveCfg = Release|Win32
		{18150D96-72E4-3DA7-9130-112EAA69BCBF}.Release|Win32.Build.0 = Release|Win32
		{214610B9-2679-4F15-A48F-3CAB541129D5}.Debug|Win32.ActiveCfg = Debug|Win32
		{214610B9-2679-4F15-A48F-3CAB541129D5}.Debug|Win32.Build.0 = Debug|Win32
		{214610B9-2679-4F15-A48F-3CAB541129D5}.Release|Win32.ActiveCfg = Release|Win32
		{214610B9-2679-4F15-A48F-3CAB541129D5}.Release|Win32.Build.0 = Release|Win32
	EndGlobalSection
	GlobalSection(SolutionProperties) = preSolution
		HideSolutionNode = FALSE
	EndGlobalSection
EndGlobal
