<?xml version="1.0" encoding="utf-8"?>
<Project ToolsVersion="4.0" xmlns="http://schemas.microsoft.com/developer/msbuild/2003">
  <ItemGroup>
    <Filter Include="Source Files">
      <UniqueIdentifier>{4FC737F1-C7A5-4376-A066-2A32D752A2FF}</UniqueIdentifier>
      <Extensions>cpp;c;cc;cxx;def;odl;idl;hpj;bat;asm;asmx</Extensions>
    </Filter>
    <Filter Include="Header Files">
      <UniqueIdentifier>{93995380-89BD-4b04-88EB-625FBE52EBFB}</UniqueIdentifier>
      <Extensions>h;hpp;hxx;hm;inl;inc;xsd</Extensions>
    </Filter>
    <Filter Include="Resource Files">
      <UniqueIdentifier>{67DA6AB6-F800-4c08-8B7A-83BB121AAD01}</UniqueIdentifier>
      <Extensions>rc;ico;cur;bmp;dlg;rc2;rct;bin;rgs;gif;jpg;jpeg;jpe;resx;tiff;tif;png;wav;mfcribbon-ms</Extensions>
    </Filter>
    <Filter Include="Generated Files">
      <UniqueIdentifier>{1351c6dd-a4b1-4d85-a41f-4ccdaeb0ee92}</UniqueIdentifier>
    </Filter>
    <Filter Include="Lexer Files">
      <UniqueIdentifier>{3daad3f2-f667-4bf0-b52f-4dee42b19088}</UniqueIdentifier>
    </Filter>
  </ItemGroup>
  <ItemGroup>
    <ClCompile Include="..\src\BinarySegment.cpp">
      <Filter>Source Files</Filter>
    </ClCompile>
    <ClCompile Include="..\src\common.cpp">
      <Filter>Source Files</Filter>
    </ClCompile>
    <ClCompile Include="..\src\data.cpp">
      <Filter>Source Files</Filter>
    </ClCompile>
    <ClCompile Include="..\src\data_immediate.cpp">
      <Filter>Source Files</Filter>
    </ClCompile>
    <ClCompile Include="..\src\lasm.cpp">
      <Filter>Source Files</Filter>
    </ClCompile>
    <ClCompile Include="..\src\Nodes.cpp">
      <Filter>Source Files</Filter>
    </ClCompile>
    <ClCompile Include="..\src\p86Assembler.cpp">
      <Filter>Source Files</Filter>
    </ClCompile>
    <ClCompile Include="..\src\preprocessor.cpp">
      <Filter>Source Files</Filter>
    </ClCompile>
    <ClCompile Include="..\src\symtable.cpp">
      <Filter>Source Files</Filter>
    </ClCompile>
    <ClCompile Include="..\src\version.cpp">
      <Filter>Source Files</Filter>
    </ClCompile>
    <ClCompile Include="..\src\VirgoWriter.cpp">
      <Filter>Source Files</Filter>
    </ClCompile>
    <ClCompile Include="..\src\lex.yy.c">
      <Filter>Generated Files</Filter>
    </ClCompile>
    <ClCompile Include="..\src\p86asm.tab.c">
      <Filter>Generated Files</Filter>
    </ClCompile>
    <ClCompile Include="..\src\ListingWriter.cpp">
      <Filter>Source Files</Filter>
    </ClCompile>
  </ItemGroup>
  <ItemGroup>
    <ClInclude Include="..\src\BinarySegment.hpp">
      <Filter>Header Files</Filter>
    </ClInclude>
    <ClInclude Include="..\src\common.h">
      <Filter>Header Files</Filter>
    </ClInclude>
    <ClInclude Include="..\src\data.h">
      <Filter>Header Files</Filter>
    </ClInclude>
    <ClInclude Include="..\src\lasm.hpp">
      <Filter>Header Files</Filter>
    </ClInclude>
    <ClInclude Include="..\src\Nodes.h">
      <Filter>Header Files</Filter>
    </ClInclude>
    <ClInclude Include="..\src\p86Assembler.h">
      <Filter>Header Files</Filter>
    </ClInclude>
    <ClInclude Include="..\src\preprocessor.h">
      <Filter>Header Files</Filter>
    </ClInclude>
    <ClInclude Include="..\src\symtable.h">
      <Filter>Header Files</Filter>
    </ClInclude>
    <ClInclude Include="..\src\version.h">
      <Filter>Header Files</Filter>
    </ClInclude>
    <ClInclude Include="..\src\VirgoWriter.h">
      <Filter>Header Files</Filter>
    </ClInclude>
    <ClInclude Include="..\src\p86asm.tab.h">
      <Filter>Generated Files</Filter>
    </ClInclude>
    <ClInclude Include="..\src\symtable-generated.hpp">
      <Filter>Generated Files</Filter>
    </ClInclude>
  </ItemGroup>
  <ItemGroup>
    <None Include="..\src\p86asm.l.inc">
      <Filter>Lexer Files</Filter>
    </None>
    <None Include="..\src\update-opcodes.py">
      <Filter>Lexer Files</Filter>
    </None>
  </ItemGroup>
  <ItemGroup>
    <CustomBuild Include="..\src\opcodes.dat">
      <Filter>Lexer Files</Filter>
    </CustomBuild>
    <CustomBuild Include="..\src\p86asm.y">
      <Filter>Lexer Files</Filter>
    </CustomBuild>
    <CustomBuild Include="..\src\p86asm.l">
      <Filter>Generated Files</Filter>
    </CustomBuild>
  </ItemGroup>
</Project>